
Microsoft Visual Studio Solution File, Format Version 12.00
# Visual Studio Version 16
VisualStudioVersion = 16.0.29411.108
MinimumVisualStudioVersion = 10.0.40219.1
Project("{FAE04EC0-301F-11D3-BF4B-00C04F79EFBC}") = "classmembers", "classmembers\classmembers.csproj", "{DF9FFAD8-9A5E-4671-B1F9-C3EED3AB77AD}"
EndProject
Global
	GlobalSection(SolutionConfigurationPlatforms) = preSolution
		Debug|Any CPU = Debug|Any CPU
		Release|Any CPU = Release|Any CPU
	EndGlobalSection
	GlobalSection(ProjectConfigurationPlatforms) = postSolution
		{DF9FFAD8-9A5E-4671-B1F9-C3EED3AB77AD}.Debug|Any CPU.ActiveCfg = Debug|Any CPU
		{DF9FFAD8-9A5E-4671-B1F9-C3EED3AB77AD}.Debug|Any CPU.Build.0 = Debug|Any CPU
		{DF9FFAD8-9A5E-4671-B1F9-C3EED3AB77AD}.Release|Any CPU.ActiveCfg = Release|Any CPU
		{DF9FFAD8-9A5E-4671-B1F9-C3EED3AB77AD}.Release|Any CPU.Build.0 = Release|Any CPU
	EndGlobalSection
	GlobalSection(SolutionProperties) = preSolution
		HideSolutionNode = FALSE
	EndGlobalSection
	GlobalSection(ExtensibilityGlobals) = postSolution
		SolutionGuid = {3FA23613-BE89-4746-A6E4-832F638C243D}
	EndGlobalSection
EndGlobal
