
Microsoft Visual Studio Solution File, Format Version 12.00
# Visual Studio Version 16
VisualStudioVersion = 16.0.29411.108
MinimumVisualStudioVersion = 10.0.40219.1
Project("{FAE04EC0-301F-11D3-BF4B-00C04F79EFBC}") = "collections2", "collections2\collections2.csproj", "{D5FFC154-C4FC-4A79-AF12-AEF281C6254F}"
EndProject
Global
	GlobalSection(SolutionConfigurationPlatforms) = preSolution
		Debug|Any CPU = Debug|Any CPU
		Release|Any CPU = Release|Any CPU
	EndGlobalSection
	GlobalSection(ProjectConfigurationPlatforms) = postSolution
		{D5FFC154-C4FC-4A79-AF12-AEF281C6254F}.Debug|Any CPU.ActiveCfg = Debug|Any CPU
		{D5FFC154-C4FC-4A79-AF12-AEF281C6254F}.Debug|Any CPU.Build.0 = Debug|Any CPU
		{D5FFC154-C4FC-4A79-AF12-AEF281C6254F}.Release|Any CPU.ActiveCfg = Release|Any CPU
		{D5FFC154-C4FC-4A79-AF12-AEF281C6254F}.Release|Any CPU.Build.0 = Release|Any CPU
	EndGlobalSection
	GlobalSection(SolutionProperties) = preSolution
		HideSolutionNode = FALSE
	EndGlobalSection
	GlobalSection(ExtensibilityGlobals) = postSolution
		SolutionGuid = {B845E545-4D9B-48C5-B589-B61EA1B70A25}
	EndGlobalSection
EndGlobal
