
Microsoft Visual Studio Solution File, Format Version 12.00
# Visual Studio Version 16
VisualStudioVersion = 16.0.29411.108
MinimumVisualStudioVersion = 10.0.40219.1
Project("{FAE04EC0-301F-11D3-BF4B-00C04F79EFBC}") = "collections", "collections\collections.csproj", "{E1F99167-102C-4ADC-A297-3543037E9BB7}"
EndProject
Global
	GlobalSection(SolutionConfigurationPlatforms) = preSolution
		Debug|Any CPU = Debug|Any CPU
		Release|Any CPU = Release|Any CPU
	EndGlobalSection
	GlobalSection(ProjectConfigurationPlatforms) = postSolution
		{E1F99167-102C-4ADC-A297-3543037E9BB7}.Debug|Any CPU.ActiveCfg = Debug|Any CPU
		{E1F99167-102C-4ADC-A297-3543037E9BB7}.Debug|Any CPU.Build.0 = Debug|Any CPU
		{E1F99167-102C-4ADC-A297-3543037E9BB7}.Release|Any CPU.ActiveCfg = Release|Any CPU
		{E1F99167-102C-4ADC-A297-3543037E9BB7}.Release|Any CPU.Build.0 = Release|Any CPU
	EndGlobalSection
	GlobalSection(SolutionProperties) = preSolution
		HideSolutionNode = FALSE
	EndGlobalSection
	GlobalSection(ExtensibilityGlobals) = postSolution
		SolutionGuid = {26B718AA-F67C-44E0-BA4A-B759FF96D1BC}
	EndGlobalSection
EndGlobal
